// !$*UTF8*$!
{
	archiveVersion = 1;
	classes = {
	};
	objectVersion = 46;
	objects = {

/* Begin PBXBuildFile section */
		1D01B2701E03A27500098A9A /* GoogleService-Info.plist in Resources */ = {isa = PBXBuildFile; fileRef = 1D01B26F1E03A27500098A9A /* GoogleService-Info.plist */; };
		1D1712791E01F0870087F299 /* PreferencesViewController.swift in Sources */ = {isa = PBXBuildFile; fileRef = 1D1712781E01F0870087F299 /* PreferencesViewController.swift */; };
		1D2D41F01E01439300745588 /* ShadowForTableViewCell.swift in Sources */ = {isa = PBXBuildFile; fileRef = 1D2D41EF1E01439300745588 /* ShadowForTableViewCell.swift */; };
		1D435D861E14548C0033DB59 /* General+Extensions.swift in Sources */ = {isa = PBXBuildFile; fileRef = 1D435D851E14548C0033DB59 /* General+Extensions.swift */; };
		1DC0D8AB1DFE516A0039B8F6 /* AppDelegate.swift in Sources */ = {isa = PBXBuildFile; fileRef = 1DC0D8AA1DFE516A0039B8F6 /* AppDelegate.swift */; };
		1DC0D8B01DFE516A0039B8F6 /* Main.storyboard in Resources */ = {isa = PBXBuildFile; fileRef = 1DC0D8AE1DFE516A0039B8F6 /* Main.storyboard */; };
		1DC0D8B31DFE516A0039B8F6 /* Lynked.xcdatamodeld in Sources */ = {isa = PBXBuildFile; fileRef = 1DC0D8B11DFE516A0039B8F6 /* Lynked.xcdatamodeld */; };
		1DC0D8B51DFE516A0039B8F6 /* Assets.xcassets in Resources */ = {isa = PBXBuildFile; fileRef = 1DC0D8B41DFE516A0039B8F6 /* Assets.xcassets */; };
		1DC0D8B81DFE516A0039B8F6 /* LaunchScreen.storyboard in Resources */ = {isa = PBXBuildFile; fileRef = 1DC0D8B61DFE516A0039B8F6 /* LaunchScreen.storyboard */; };
		1DC0D8D91DFE59360039B8F6 /* AddCardViewController.swift in Sources */ = {isa = PBXBuildFile; fileRef = 1DC0D8D81DFE59360039B8F6 /* AddCardViewController.swift */; };
		1DC0D8DF1DFE5F910039B8F6 /* EditCardViewController.swift in Sources */ = {isa = PBXBuildFile; fileRef = 1DC0D8DE1DFE5F910039B8F6 /* EditCardViewController.swift */; };
		1DC0D8E11DFE5FBB0039B8F6 /* EditServiceViewController.swift in Sources */ = {isa = PBXBuildFile; fileRef = 1DC0D8E01DFE5FBB0039B8F6 /* EditServiceViewController.swift */; };
		1DD7D2561E384DFD00AF1299 /* Currency+Extension.swift in Sources */ = {isa = PBXBuildFile; fileRef = 1DD7D2551E384DFD00AF1299 /* Currency+Extension.swift */; };
		1DD7D2591E393C0700AF1299 /* CardClass.swift in Sources */ = {isa = PBXBuildFile; fileRef = 1DD7D2581E393C0700AF1299 /* CardClass.swift */; };
		1DD7D25C1E393C2300AF1299 /* ServiceClass.swift in Sources */ = {isa = PBXBuildFile; fileRef = 1DD7D25B1E393C2300AF1299 /* ServiceClass.swift */; };
		2924F9BE1EF22F090014C284 /* SegmentColorManager.swift in Sources */ = {isa = PBXBuildFile; fileRef = 2924F9BD1EF22F090014C284 /* SegmentColorManager.swift */; };
		2924F9C01EF24F280014C284 /* AutoCompleteTableViewCell.swift in Sources */ = {isa = PBXBuildFile; fileRef = 2924F9BF1EF24F280014C284 /* AutoCompleteTableViewCell.swift */; };
		292764931EDFA3160096AE1E /* WalletViewController.swift in Sources */ = {isa = PBXBuildFile; fileRef = 292764921EDFA3160096AE1E /* WalletViewController.swift */; };
		292764951EDFC8350096AE1E /* CardTableViewCell.swift in Sources */ = {isa = PBXBuildFile; fileRef = 292764941EDFC8350096AE1E /* CardTableViewCell.swift */; };
		29773CDD1EC3B6730023F277 /* EntryViewController.swift in Sources */ = {isa = PBXBuildFile; fileRef = 29773CDC1EC3B6730023F277 /* EntryViewController.swift */; };
		299F85221EE78DB1001A819D /* StoreKit.framework in Frameworks */ = {isa = PBXBuildFile; fileRef = 299F85211EE78DB1001A819D /* StoreKit.framework */; };
		29AA67E21EE7B4BA000EDE42 /* InAppPurchaseUtility.swift in Sources */ = {isa = PBXBuildFile; fileRef = 29AA67E11EE7B4BA000EDE42 /* InAppPurchaseUtility.swift */; };
		29B563DA1EEFCF270028B0EB /* UpdateServiceWebViewViewController.swift in Sources */ = {isa = PBXBuildFile; fileRef = 29B563D91EEFCF270028B0EB /* UpdateServiceWebViewViewController.swift */; };
		29EE32411EC9754E00C2FFB6 /* CardDetailViewController.swift in Sources */ = {isa = PBXBuildFile; fileRef = 29EE32401EC9754E00C2FFB6 /* CardDetailViewController.swift */; };
		29EE32441EC975EB00C2FFB6 /* ServiceCollectionViewCell.swift in Sources */ = {isa = PBXBuildFile; fileRef = 29EE32431EC975EB00C2FFB6 /* ServiceCollectionViewCell.swift */; };
		FE255734139BB8197894689C /* Pods_Lynked.framework in Frameworks */ = {isa = PBXBuildFile; fileRef = 267A4AE157A5C3F5E4C71A91 /* Pods_Lynked.framework */; };
/* End PBXBuildFile section */

/* Begin PBXFileReference section */
		1D01B26F1E03A27500098A9A /* GoogleService-Info.plist */ = {isa = PBXFileReference; fileEncoding = 4; lastKnownFileType = text.plist.xml; path = "GoogleService-Info.plist"; sourceTree = "<group>"; };
		1D1712781E01F0870087F299 /* PreferencesViewController.swift */ = {isa = PBXFileReference; fileEncoding = 4; lastKnownFileType = sourcecode.swift; path = PreferencesViewController.swift; sourceTree = "<group>"; };
		1D2D41EF1E01439300745588 /* ShadowForTableViewCell.swift */ = {isa = PBXFileReference; fileEncoding = 4; lastKnownFileType = sourcecode.swift; path = ShadowForTableViewCell.swift; sourceTree = "<group>"; };
		1D435D851E14548C0033DB59 /* General+Extensions.swift */ = {isa = PBXFileReference; fileEncoding = 4; lastKnownFileType = sourcecode.swift; path = "General+Extensions.swift"; sourceTree = "<group>"; };
		1DC0D8A71DFE516A0039B8F6 /* Lynked.app */ = {isa = PBXFileReference; explicitFileType = wrapper.application; includeInIndex = 0; path = Lynked.app; sourceTree = BUILT_PRODUCTS_DIR; };
		1DC0D8AA1DFE516A0039B8F6 /* AppDelegate.swift */ = {isa = PBXFileReference; lastKnownFileType = sourcecode.swift; path = AppDelegate.swift; sourceTree = "<group>"; };
		1DC0D8AF1DFE516A0039B8F6 /* Base */ = {isa = PBXFileReference; lastKnownFileType = file.storyboard; name = Base; path = Base.lproj/Main.storyboard; sourceTree = "<group>"; };
		1DC0D8B21DFE516A0039B8F6 /* Lynked.xcdatamodel */ = {isa = PBXFileReference; lastKnownFileType = wrapper.xcdatamodel; path = Lynked.xcdatamodel; sourceTree = "<group>"; };
		1DC0D8B41DFE516A0039B8F6 /* Assets.xcassets */ = {isa = PBXFileReference; lastKnownFileType = folder.assetcatalog; path = Assets.xcassets; sourceTree = "<group>"; };
		1DC0D8B71DFE516A0039B8F6 /* Base */ = {isa = PBXFileReference; lastKnownFileType = file.storyboard; name = Base; path = Base.lproj/LaunchScreen.storyboard; sourceTree = "<group>"; };
		1DC0D8B91DFE516A0039B8F6 /* Info.plist */ = {isa = PBXFileReference; lastKnownFileType = text.plist.xml; path = Info.plist; sourceTree = "<group>"; };
		1DC0D8D81DFE59360039B8F6 /* AddCardViewController.swift */ = {isa = PBXFileReference; fileEncoding = 4; lastKnownFileType = sourcecode.swift; path = AddCardViewController.swift; sourceTree = "<group>"; };
		1DC0D8DE1DFE5F910039B8F6 /* EditCardViewController.swift */ = {isa = PBXFileReference; fileEncoding = 4; lastKnownFileType = sourcecode.swift; path = EditCardViewController.swift; sourceTree = "<group>"; };
		1DC0D8E01DFE5FBB0039B8F6 /* EditServiceViewController.swift */ = {isa = PBXFileReference; fileEncoding = 4; lastKnownFileType = sourcecode.swift; path = EditServiceViewController.swift; sourceTree = "<group>"; };
		1DD7D2551E384DFD00AF1299 /* Currency+Extension.swift */ = {isa = PBXFileReference; fileEncoding = 4; lastKnownFileType = sourcecode.swift; path = "Currency+Extension.swift"; sourceTree = "<group>"; };
		1DD7D2581E393C0700AF1299 /* CardClass.swift */ = {isa = PBXFileReference; fileEncoding = 4; lastKnownFileType = sourcecode.swift; path = CardClass.swift; sourceTree = "<group>"; };
		1DD7D25B1E393C2300AF1299 /* ServiceClass.swift */ = {isa = PBXFileReference; fileEncoding = 4; lastKnownFileType = sourcecode.swift; path = ServiceClass.swift; sourceTree = "<group>"; };
		267A4AE157A5C3F5E4C71A91 /* Pods_Lynked.framework */ = {isa = PBXFileReference; explicitFileType = wrapper.framework; includeInIndex = 0; path = Pods_Lynked.framework; sourceTree = BUILT_PRODUCTS_DIR; };
		2924F9BD1EF22F090014C284 /* SegmentColorManager.swift */ = {isa = PBXFileReference; fileEncoding = 4; lastKnownFileType = sourcecode.swift; path = SegmentColorManager.swift; sourceTree = "<group>"; };
		2924F9BF1EF24F280014C284 /* AutoCompleteTableViewCell.swift */ = {isa = PBXFileReference; fileEncoding = 4; lastKnownFileType = sourcecode.swift; path = AutoCompleteTableViewCell.swift; sourceTree = "<group>"; };
		292764921EDFA3160096AE1E /* WalletViewController.swift */ = {isa = PBXFileReference; fileEncoding = 4; lastKnownFileType = sourcecode.swift; path = WalletViewController.swift; sourceTree = "<group>"; };
		292764941EDFC8350096AE1E /* CardTableViewCell.swift */ = {isa = PBXFileReference; fileEncoding = 4; lastKnownFileType = sourcecode.swift; path = CardTableViewCell.swift; sourceTree = "<group>"; };
		29773CDC1EC3B6730023F277 /* EntryViewController.swift */ = {isa = PBXFileReference; fileEncoding = 4; lastKnownFileType = sourcecode.swift; path = EntryViewController.swift; sourceTree = "<group>"; };
		299F85211EE78DB1001A819D /* StoreKit.framework */ = {isa = PBXFileReference; lastKnownFileType = wrapper.framework; name = StoreKit.framework; path = System/Library/Frameworks/StoreKit.framework; sourceTree = SDKROOT; };
		29AA67E11EE7B4BA000EDE42 /* InAppPurchaseUtility.swift */ = {isa = PBXFileReference; lastKnownFileType = sourcecode.swift; path = InAppPurchaseUtility.swift; sourceTree = "<group>"; };
		29B563D91EEFCF270028B0EB /* UpdateServiceWebViewViewController.swift */ = {isa = PBXFileReference; fileEncoding = 4; lastKnownFileType = sourcecode.swift; path = UpdateServiceWebViewViewController.swift; sourceTree = "<group>"; };
		29EE32401EC9754E00C2FFB6 /* CardDetailViewController.swift */ = {isa = PBXFileReference; fileEncoding = 4; lastKnownFileType = sourcecode.swift; path = CardDetailViewController.swift; sourceTree = "<group>"; };
		29EE32431EC975EB00C2FFB6 /* ServiceCollectionViewCell.swift */ = {isa = PBXFileReference; fileEncoding = 4; lastKnownFileType = sourcecode.swift; path = ServiceCollectionViewCell.swift; sourceTree = "<group>"; };
		29F778D71EEE291300B6AA6E /* AdSupport.framework */ = {isa = PBXFileReference; lastKnownFileType = wrapper.framework; name = AdSupport.framework; path = System/Library/Frameworks/AdSupport.framework; sourceTree = SDKROOT; };
		332153A02078D17E6D55BF0C /* Pods-Lynked.release.xcconfig */ = {isa = PBXFileReference; includeInIndex = 1; lastKnownFileType = text.xcconfig; name = "Pods-Lynked.release.xcconfig"; path = "Pods/Target Support Files/Pods-Lynked/Pods-Lynked.release.xcconfig"; sourceTree = "<group>"; };
		61C5BAFDC0F62D6BA28B7B7A /* Pods-Lynked.debug.xcconfig */ = {isa = PBXFileReference; includeInIndex = 1; lastKnownFileType = text.xcconfig; name = "Pods-Lynked.debug.xcconfig"; path = "Pods/Target Support Files/Pods-Lynked/Pods-Lynked.debug.xcconfig"; sourceTree = "<group>"; };
/* End PBXFileReference section */

/* Begin PBXFrameworksBuildPhase section */
		1DC0D8A41DFE516A0039B8F6 /* Frameworks */ = {
			isa = PBXFrameworksBuildPhase;
			buildActionMask = 2147483647;
			files = (
				FE255734139BB8197894689C /* Pods_Lynked.framework in Frameworks */,
				299F85221EE78DB1001A819D /* StoreKit.framework in Frameworks */,
			);
			runOnlyForDeploymentPostprocessing = 0;
		};
/* End PBXFrameworksBuildPhase section */

/* Begin PBXGroup section */
		1D2D41EE1E01436F00745588 /* View Extensions */ = {
			isa = PBXGroup;
			children = (
				1D2D41EF1E01439300745588 /* ShadowForTableViewCell.swift */,
			);
			name = "View Extensions";
			sourceTree = "<group>";
		};
		1DC0D89E1DFE516A0039B8F6 = {
			isa = PBXGroup;
			children = (
				1DC0D8A91DFE516A0039B8F6 /* Lynked */,
				1DC0D8A81DFE516A0039B8F6 /* Products */,
				7C6C21144E94777124CC2B96 /* Pods */,
				5992905EFC84512369FCFBED /* Frameworks */,
			);
			sourceTree = "<group>";
		};
		1DC0D8A81DFE516A0039B8F6 /* Products */ = {
			isa = PBXGroup;
			children = (
				1DC0D8A71DFE516A0039B8F6 /* Lynked.app */,
			);
			name = Products;
			sourceTree = "<group>";
		};
		1DC0D8A91DFE516A0039B8F6 /* Lynked */ = {
			isa = PBXGroup;
			children = (
				1DC0D8C21DFE518F0039B8F6 /* Model */,
				1DC0D8C11DFE518C0039B8F6 /* View */,
				29773CDB1EC3B6230023F277 /* Controller */,
				29CCE7261EDF8F0000995139 /* Extensions */,
				1DC0D8BF1DFE51790039B8F6 /* Additional Files */,
			);
			path = Lynked;
			sourceTree = "<group>";
		};
		1DC0D8BF1DFE51790039B8F6 /* Additional Files */ = {
			isa = PBXGroup;
			children = (
				1DC0D8AA1DFE516A0039B8F6 /* AppDelegate.swift */,
				1DC0D8B41DFE516A0039B8F6 /* Assets.xcassets */,
				1DC0D8B91DFE516A0039B8F6 /* Info.plist */,
				1D01B26F1E03A27500098A9A /* GoogleService-Info.plist */,
				1DC0D8B61DFE516A0039B8F6 /* LaunchScreen.storyboard */,
			);
			name = "Additional Files";
			sourceTree = "<group>";
		};
		1DC0D8C11DFE518C0039B8F6 /* View */ = {
			isa = PBXGroup;
			children = (
				1DC0D8AE1DFE516A0039B8F6 /* Main.storyboard */,
			);
			name = View;
			sourceTree = "<group>";
		};
		1DC0D8C21DFE518F0039B8F6 /* Model */ = {
			isa = PBXGroup;
			children = (
				29AA67E11EE7B4BA000EDE42 /* InAppPurchaseUtility.swift */,
				1DC0D8B11DFE516A0039B8F6 /* Lynked.xcdatamodeld */,
				2924F9BD1EF22F090014C284 /* SegmentColorManager.swift */,
			);
			name = Model;
			sourceTree = "<group>";
		};
		1DD7D2571E393BEB00AF1299 /* Custom Classes */ = {
			isa = PBXGroup;
			children = (
				1DD7D2581E393C0700AF1299 /* CardClass.swift */,
				1DD7D25B1E393C2300AF1299 /* ServiceClass.swift */,
			);
			name = "Custom Classes";
			sourceTree = "<group>";
		};
		292764961EDFC8480096AE1E /* Custom Cells */ = {
			isa = PBXGroup;
			children = (
				29EE32431EC975EB00C2FFB6 /* ServiceCollectionViewCell.swift */,
				292764941EDFC8350096AE1E /* CardTableViewCell.swift */,
				2924F9BF1EF24F280014C284 /* AutoCompleteTableViewCell.swift */,
			);
			name = "Custom Cells";
			sourceTree = "<group>";
		};
		29773CDB1EC3B6230023F277 /* Controller */ = {
			isa = PBXGroup;
			children = (
				29773CDC1EC3B6730023F277 /* EntryViewController.swift */,
				1DC0D8D81DFE59360039B8F6 /* AddCardViewController.swift */,
				292764921EDFA3160096AE1E /* WalletViewController.swift */,
				29EE32401EC9754E00C2FFB6 /* CardDetailViewController.swift */,
				1D1712781E01F0870087F299 /* PreferencesViewController.swift */,
				1DC0D8DE1DFE5F910039B8F6 /* EditCardViewController.swift */,
				1DC0D8E01DFE5FBB0039B8F6 /* EditServiceViewController.swift */,
				29B563D91EEFCF270028B0EB /* UpdateServiceWebViewViewController.swift */,
				292764961EDFC8480096AE1E /* Custom Cells */,
				1DD7D2571E393BEB00AF1299 /* Custom Classes */,
				1D2D41EE1E01436F00745588 /* View Extensions */,
			);
			name = Controller;
			sourceTree = "<group>";
		};
		29CCE7261EDF8F0000995139 /* Extensions */ = {
			isa = PBXGroup;
			children = (
				1D435D851E14548C0033DB59 /* General+Extensions.swift */,
				1DD7D2551E384DFD00AF1299 /* Currency+Extension.swift */,
			);
			name = Extensions;
			sourceTree = "<group>";
		};
		5992905EFC84512369FCFBED /* Frameworks */ = {
			isa = PBXGroup;
			children = (
				29F778D71EEE291300B6AA6E /* AdSupport.framework */,
				299F85211EE78DB1001A819D /* StoreKit.framework */,
				267A4AE157A5C3F5E4C71A91 /* Pods_Lynked.framework */,
			);
			name = Frameworks;
			sourceTree = "<group>";
		};
		7C6C21144E94777124CC2B96 /* Pods */ = {
			isa = PBXGroup;
			children = (
				61C5BAFDC0F62D6BA28B7B7A /* Pods-Lynked.debug.xcconfig */,
				332153A02078D17E6D55BF0C /* Pods-Lynked.release.xcconfig */,
			);
			name = Pods;
			sourceTree = "<group>";
		};
/* End PBXGroup section */

/* Begin PBXNativeTarget section */
		1DC0D8A61DFE516A0039B8F6 /* Lynked */ = {
			isa = PBXNativeTarget;
			buildConfigurationList = 1DC0D8BC1DFE516A0039B8F6 /* Build configuration list for PBXNativeTarget "Lynked" */;
			buildPhases = (
				72D076A9F25FB171001A8F1A /* [CP] Check Pods Manifest.lock */,
				1DC0D8A31DFE516A0039B8F6 /* Sources */,
				1DC0D8A41DFE516A0039B8F6 /* Frameworks */,
				1DC0D8A51DFE516A0039B8F6 /* Resources */,
				16554256D1E1E2258A980705 /* [CP] Embed Pods Frameworks */,
				1E4EA4E66A903214CB950DA9 /* [CP] Copy Pods Resources */,
				1DA6FCE41E4BDB8C009506A9 /* ShellScript */,
			);
			buildRules = (
			);
			dependencies = (
			);
			name = Lynked;
			productName = Lynked;
			productReference = 1DC0D8A71DFE516A0039B8F6 /* Lynked.app */;
			productType = "com.apple.product-type.application";
		};
/* End PBXNativeTarget section */

/* Begin PBXProject section */
		1DC0D89F1DFE516A0039B8F6 /* Project object */ = {
			isa = PBXProject;
			attributes = {
				LastSwiftUpdateCheck = 0820;
				LastUpgradeCheck = 0820;
				ORGANIZATIONNAME = "Matthew Singleton";
				TargetAttributes = {
					1DC0D8A61DFE516A0039B8F6 = {
						CreatedOnToolsVersion = 8.2;
						DevelopmentTeam = K8YZSQZRNW;
						LastSwiftMigration = 0830;
						ProvisioningStyle = Automatic;
						SystemCapabilities = {
							com.apple.InAppPurchase = {
								enabled = 1;
							};
						};
					};
				};
			};
			buildConfigurationList = 1DC0D8A21DFE516A0039B8F6 /* Build configuration list for PBXProject "Lynked" */;
			compatibilityVersion = "Xcode 3.2";
			developmentRegion = English;
			hasScannedForEncodings = 0;
			knownRegions = (
				en,
				Base,
			);
			mainGroup = 1DC0D89E1DFE516A0039B8F6;
			productRefGroup = 1DC0D8A81DFE516A0039B8F6 /* Products */;
			projectDirPath = "";
			projectRoot = "";
			targets = (
				1DC0D8A61DFE516A0039B8F6 /* Lynked */,
			);
		};
/* End PBXProject section */

/* Begin PBXResourcesBuildPhase section */
		1DC0D8A51DFE516A0039B8F6 /* Resources */ = {
			isa = PBXResourcesBuildPhase;
			buildActionMask = 2147483647;
			files = (
				1DC0D8B81DFE516A0039B8F6 /* LaunchScreen.storyboard in Resources */,
				1D01B2701E03A27500098A9A /* GoogleService-Info.plist in Resources */,
				1DC0D8B51DFE516A0039B8F6 /* Assets.xcassets in Resources */,
				1DC0D8B01DFE516A0039B8F6 /* Main.storyboard in Resources */,
			);
			runOnlyForDeploymentPostprocessing = 0;
		};
/* End PBXResourcesBuildPhase section */

/* Begin PBXShellScriptBuildPhase section */
		16554256D1E1E2258A980705 /* [CP] Embed Pods Frameworks */ = {
			isa = PBXShellScriptBuildPhase;
			buildActionMask = 2147483647;
			files = (
			);
			inputPaths = (
			);
			name = "[CP] Embed Pods Frameworks";
			outputPaths = (
			);
			runOnlyForDeploymentPostprocessing = 0;
			shellPath = /bin/sh;
			shellScript = "\"${SRCROOT}/Pods/Target Support Files/Pods-Lynked/Pods-Lynked-frameworks.sh\"\n";
			showEnvVarsInLog = 0;
		};
		1DA6FCE41E4BDB8C009506A9 /* ShellScript */ = {
			isa = PBXShellScriptBuildPhase;
			buildActionMask = 2147483647;
			files = (
			);
			inputPaths = (
			);
			outputPaths = (
			);
			runOnlyForDeploymentPostprocessing = 0;
			shellPath = /bin/sh;
			shellScript = "\"${PODS_ROOT}/Fabric/run\" 3605c744e15ddf7d8ef099f0020dfcdd2e2abd5c 7bf7613729d303dcf6eda216f60fde4100191c032181ca9d63ffb7b2533bc45a";
		};
		1E4EA4E66A903214CB950DA9 /* [CP] Copy Pods Resources */ = {
			isa = PBXShellScriptBuildPhase;
			buildActionMask = 2147483647;
			files = (
			);
			inputPaths = (
			);
			name = "[CP] Copy Pods Resources";
			outputPaths = (
			);
			runOnlyForDeploymentPostprocessing = 0;
			shellPath = /bin/sh;
			shellScript = "\"${SRCROOT}/Pods/Target Support Files/Pods-Lynked/Pods-Lynked-resources.sh\"\n";
			showEnvVarsInLog = 0;
		};
		72D076A9F25FB171001A8F1A /* [CP] Check Pods Manifest.lock */ = {
			isa = PBXShellScriptBuildPhase;
			buildActionMask = 2147483647;
			files = (
			);
			inputPaths = (
			);
			name = "[CP] Check Pods Manifest.lock";
			outputPaths = (
			);
			runOnlyForDeploymentPostprocessing = 0;
			shellPath = /bin/sh;
			shellScript = "diff \"${PODS_PODFILE_DIR_PATH}/Podfile.lock\" \"${PODS_ROOT}/Manifest.lock\" > /dev/null\nif [ $? != 0 ] ; then\n    # print error to STDERR\n    echo \"error: The sandbox is not in sync with the Podfile.lock. Run 'pod install' or update your CocoaPods installation.\" >&2\n    exit 1\nfi\n";
			showEnvVarsInLog = 0;
		};
/* End PBXShellScriptBuildPhase section */

/* Begin PBXSourcesBuildPhase section */
		1DC0D8A31DFE516A0039B8F6 /* Sources */ = {
			isa = PBXSourcesBuildPhase;
			buildActionMask = 2147483647;
			files = (
				1DC0D8D91DFE59360039B8F6 /* AddCardViewController.swift in Sources */,
				1D2D41F01E01439300745588 /* ShadowForTableViewCell.swift in Sources */,
				1DD7D25C1E393C2300AF1299 /* ServiceClass.swift in Sources */,
				29773CDD1EC3B6730023F277 /* EntryViewController.swift in Sources */,
				292764951EDFC8350096AE1E /* CardTableViewCell.swift in Sources */,
				2924F9BE1EF22F090014C284 /* SegmentColorManager.swift in Sources */,
				29EE32411EC9754E00C2FFB6 /* CardDetailViewController.swift in Sources */,
				2924F9C01EF24F280014C284 /* AutoCompleteTableViewCell.swift in Sources */,
				1DC0D8DF1DFE5F910039B8F6 /* EditCardViewController.swift in Sources */,
				1DC0D8B31DFE516A0039B8F6 /* Lynked.xcdatamodeld in Sources */,
				1DD7D2561E384DFD00AF1299 /* Currency+Extension.swift in Sources */,
				1DD7D2591E393C0700AF1299 /* CardClass.swift in Sources */,
				1D435D861E14548C0033DB59 /* General+Extensions.swift in Sources */,
				1DC0D8AB1DFE516A0039B8F6 /* AppDelegate.swift in Sources */,
				292764931EDFA3160096AE1E /* WalletViewController.swift in Sources */,
				29B563DA1EEFCF270028B0EB /* UpdateServiceWebViewViewController.swift in Sources */,
				1DC0D8E11DFE5FBB0039B8F6 /* EditServiceViewController.swift in Sources */,
				1D1712791E01F0870087F299 /* PreferencesViewController.swift in Sources */,
				29EE32441EC975EB00C2FFB6 /* ServiceCollectionViewCell.swift in Sources */,
				29AA67E21EE7B4BA000EDE42 /* InAppPurchaseUtility.swift in Sources */,
			);
			runOnlyForDeploymentPostprocessing = 0;
		};
/* End PBXSourcesBuildPhase section */

/* Begin PBXVariantGroup section */
		1DC0D8AE1DFE516A0039B8F6 /* Main.storyboard */ = {
			isa = PBXVariantGroup;
			children = (
				1DC0D8AF1DFE516A0039B8F6 /* Base */,
			);
			name = Main.storyboard;
			sourceTree = "<group>";
		};
		1DC0D8B61DFE516A0039B8F6 /* LaunchScreen.storyboard */ = {
			isa = PBXVariantGroup;
			children = (
				1DC0D8B71DFE516A0039B8F6 /* Base */,
			);
			name = LaunchScreen.storyboard;
			sourceTree = "<group>";
		};
/* End PBXVariantGroup section */

/* Begin XCBuildConfiguration section */
		1DC0D8BA1DFE516A0039B8F6 /* Debug */ = {
			isa = XCBuildConfiguration;
			buildSettings = {
				ALWAYS_SEARCH_USER_PATHS = NO;
				CLANG_ANALYZER_NONNULL = YES;
				CLANG_CXX_LANGUAGE_STANDARD = "gnu++0x";
				CLANG_CXX_LIBRARY = "libc++";
				CLANG_ENABLE_MODULES = YES;
				CLANG_ENABLE_OBJC_ARC = YES;
				CLANG_WARN_BOOL_CONVERSION = YES;
				CLANG_WARN_CONSTANT_CONVERSION = YES;
				CLANG_WARN_DIRECT_OBJC_ISA_USAGE = YES_ERROR;
				CLANG_WARN_DOCUMENTATION_COMMENTS = YES;
				CLANG_WARN_EMPTY_BODY = YES;
				CLANG_WARN_ENUM_CONVERSION = YES;
				CLANG_WARN_INFINITE_RECURSION = YES;
				CLANG_WARN_INT_CONVERSION = YES;
				CLANG_WARN_OBJC_ROOT_CLASS = YES_ERROR;
				CLANG_WARN_SUSPICIOUS_MOVE = YES;
				CLANG_WARN_UNREACHABLE_CODE = YES;
				CLANG_WARN__DUPLICATE_METHOD_MATCH = YES;
				"CODE_SIGN_IDENTITY[sdk=iphoneos*]" = "iPhone Developer";
				COPY_PHASE_STRIP = NO;
				DEBUG_INFORMATION_FORMAT = dwarf;
				ENABLE_STRICT_OBJC_MSGSEND = YES;
				ENABLE_TESTABILITY = YES;
				GCC_C_LANGUAGE_STANDARD = gnu99;
				GCC_DYNAMIC_NO_PIC = NO;
				GCC_NO_COMMON_BLOCKS = YES;
				GCC_OPTIMIZATION_LEVEL = 0;
				GCC_PREPROCESSOR_DEFINITIONS = (
					"DEBUG=1",
					"$(inherited)",
				);
				GCC_WARN_64_TO_32_BIT_CONVERSION = YES;
				GCC_WARN_ABOUT_RETURN_TYPE = YES_ERROR;
				GCC_WARN_UNDECLARED_SELECTOR = YES;
				GCC_WARN_UNINITIALIZED_AUTOS = YES_AGGRESSIVE;
				GCC_WARN_UNUSED_FUNCTION = YES;
				GCC_WARN_UNUSED_VARIABLE = YES;
				IPHONEOS_DEPLOYMENT_TARGET = 10.0;
				MTL_ENABLE_DEBUG_INFO = YES;
				ONLY_ACTIVE_ARCH = YES;
				SDKROOT = iphoneos;
				SWIFT_ACTIVE_COMPILATION_CONDITIONS = DEBUG;
				SWIFT_OPTIMIZATION_LEVEL = "-Onone";
			};
			name = Debug;
		};
		1DC0D8BB1DFE516A0039B8F6 /* Release */ = {
			isa = XCBuildConfiguration;
			buildSettings = {
				ALWAYS_SEARCH_USER_PATHS = NO;
				CLANG_ANALYZER_NONNULL = YES;
				CLANG_CXX_LANGUAGE_STANDARD = "gnu++0x";
				CLANG_CXX_LIBRARY = "libc++";
				CLANG_ENABLE_MODULES = YES;
				CLANG_ENABLE_OBJC_ARC = YES;
				CLANG_WARN_BOOL_CONVERSION = YES;
				CLANG_WARN_CONSTANT_CONVERSION = YES;
				CLANG_WARN_DIRECT_OBJC_ISA_USAGE = YES_ERROR;
				CLANG_WARN_DOCUMENTATION_COMMENTS = YES;
				CLANG_WARN_EMPTY_BODY = YES;
				CLANG_WARN_ENUM_CONVERSION = YES;
				CLANG_WARN_INFINITE_RECURSION = YES;
				CLANG_WARN_INT_CONVERSION = YES;
				CLANG_WARN_OBJC_ROOT_CLASS = YES_ERROR;
				CLANG_WARN_SUSPICIOUS_MOVE = YES;
				CLANG_WARN_UNREACHABLE_CODE = YES;
				CLANG_WARN__DUPLICATE_METHOD_MATCH = YES;
				"CODE_SIGN_IDENTITY[sdk=iphoneos*]" = "iPhone Developer";
				COPY_PHASE_STRIP = NO;
				DEBUG_INFORMATION_FORMAT = "dwarf-with-dsym";
				ENABLE_NS_ASSERTIONS = NO;
				ENABLE_STRICT_OBJC_MSGSEND = YES;
				GCC_C_LANGUAGE_STANDARD = gnu99;
				GCC_NO_COMMON_BLOCKS = YES;
				GCC_WARN_64_TO_32_BIT_CONVERSION = YES;
				GCC_WARN_ABOUT_RETURN_TYPE = YES_ERROR;
				GCC_WARN_UNDECLARED_SELECTOR = YES;
				GCC_WARN_UNINITIALIZED_AUTOS = YES_AGGRESSIVE;
				GCC_WARN_UNUSED_FUNCTION = YES;
				GCC_WARN_UNUSED_VARIABLE = YES;
				IPHONEOS_DEPLOYMENT_TARGET = 10.0;
				MTL_ENABLE_DEBUG_INFO = NO;
				ONLY_ACTIVE_ARCH = YES;
				SDKROOT = iphoneos;
				SWIFT_OPTIMIZATION_LEVEL = "-Owholemodule";
				VALIDATE_PRODUCT = YES;
			};
			name = Release;
		};
		1DC0D8BD1DFE516A0039B8F6 /* Debug */ = {
			isa = XCBuildConfiguration;
			baseConfigurationReference = 61C5BAFDC0F62D6BA28B7B7A /* Pods-Lynked.debug.xcconfig */;
			buildSettings = {
				ASSETCATALOG_COMPILER_APPICON_NAME = AppIcon;
				DEVELOPMENT_TEAM = K8YZSQZRNW;
				ENABLE_BITCODE = NO;
				INFOPLIST_FILE = Lynked/Info.plist;
				IPHONEOS_DEPLOYMENT_TARGET = 10.0;
				LD_RUNPATH_SEARCH_PATHS = "$(inherited) @executable_path/Frameworks";
				PRODUCT_BUNDLE_IDENTIFIER = com.matthewhsingleton.Lynked;
				PRODUCT_NAME = "$(TARGET_NAME)";
				SWIFT_VERSION = 3.0;
			};
			name = Debug;
		};
		1DC0D8BE1DFE516A0039B8F6 /* Release */ = {
			isa = XCBuildConfiguration;
			baseConfigurationReference = 332153A02078D17E6D55BF0C /* Pods-Lynked.release.xcconfig */;
			buildSettings = {
				ASSETCATALOG_COMPILER_APPICON_NAME = AppIcon;
				DEVELOPMENT_TEAM = K8YZSQZRNW;
				ENABLE_BITCODE = NO;
				INFOPLIST_FILE = Lynked/Info.plist;
				IPHONEOS_DEPLOYMENT_TARGET = 10.0;
				LD_RUNPATH_SEARCH_PATHS = "$(inherited) @executable_path/Frameworks";
				PRODUCT_BUNDLE_IDENTIFIER = com.matthewhsingleton.Lynked;
				PRODUCT_NAME = "$(TARGET_NAME)";
				SWIFT_VERSION = 3.0;
			};
			name = Release;
		};
/* End XCBuildConfiguration section */

/* Begin XCConfigurationList section */
		1DC0D8A21DFE516A0039B8F6 /* Build configuration list for PBXProject "Lynked" */ = {
			isa = XCConfigurationList;
			buildConfigurations = (
				1DC0D8BA1DFE516A0039B8F6 /* Debug */,
				1DC0D8BB1DFE516A0039B8F6 /* Release */,
			);
			defaultConfigurationIsVisible = 0;
			defaultConfigurationName = Release;
		};
		1DC0D8BC1DFE516A0039B8F6 /* Build configuration list for PBXNativeTarget "Lynked" */ = {
			isa = XCConfigurationList;
			buildConfigurations = (
				1DC0D8BD1DFE516A0039B8F6 /* Debug */,
				1DC0D8BE1DFE516A0039B8F6 /* Release */,
			);
			defaultConfigurationIsVisible = 0;
			defaultConfigurationName = Release;
		};
/* End XCConfigurationList section */

/* Begin XCVersionGroup section */
		1DC0D8B11DFE516A0039B8F6 /* Lynked.xcdatamodeld */ = {
			isa = XCVersionGroup;
			children = (
				1DC0D8B21DFE516A0039B8F6 /* Lynked.xcdatamodel */,
			);
			currentVersion = 1DC0D8B21DFE516A0039B8F6 /* Lynked.xcdatamodel */;
			path = Lynked.xcdatamodeld;
			sourceTree = "<group>";
			versionGroupType = wrapper.xcdatamodel;
		};
/* End XCVersionGroup section */
	};
	rootObject = 1DC0D89F1DFE516A0039B8F6 /* Project object */;
}
